
Microsoft Visual Studio Solution File, Format Version 12.00
# Visual Studio Version 17
VisualStudioVersion = 17.0.32014.148
MinimumVisualStudioVersion = 10.0.40219.1
Project("{FAE04EC0-301F-11D3-BF4B-00C04F79EFBC}") = "Mogger", "Mogger\Mogger.csproj", "{EC710399-1FB0-4CD3-A202-247E0F9A74E6}"
EndProject
Global
	GlobalSection(SolutionConfigurationPlatforms) = preSolution
		Debug|Any CPU = Debug|Any CPU
		Release|Any CPU = Release|Any CPU
	EndGlobalSection
	GlobalSection(ProjectConfigurationPlatforms) = postSolution
		{EC710399-1FB0-4CD3-A202-247E0F9A74E6}.Debug|Any CPU.ActiveCfg = Debug|Any CPU
		{EC710399-1FB0-4CD3-A202-247E0F9A74E6}.Debug|Any CPU.Build.0 = Debug|Any CPU
		{EC710399-1FB0-4CD3-A202-247E0F9A74E6}.Release|Any CPU.ActiveCfg = Release|Any CPU
		{EC710399-1FB0-4CD3-A202-247E0F9A74E6}.Release|Any CPU.Build.0 = Release|Any CPU
	EndGlobalSection
	GlobalSection(SolutionProperties) = preSolution
		HideSolutionNode = FALSE
	EndGlobalSection
	GlobalSection(ExtensibilityGlobals) = postSolution
		SolutionGuid = {C8D9D7C7-B98E-4BBB-BAF5-9187D4B9F9A1}
	EndGlobalSection
EndGlobal
